
Microsoft Visual Studio Solution File, Format Version 12.00
# Visual Studio 14
VisualStudioVersion = 14.0.25420.1
MinimumVisualStudioVersion = 10.0.40219.1
Project("{FAE04EC0-301F-11D3-BF4B-00C04F79EFBC}") = "SlackBotTest", "SlackBotTest\SlackBotTest.csproj", "{3ADA9748-3780-4F85-9500-A9B846D5291F}"
EndProject
Project("{FAE04EC0-301F-11D3-BF4B-00C04F79EFBC}") = "SSOAuthTest", "SSOAuthTest\SSOAuthTest.csproj", "{63A8D2FE-3764-4BEC-8D6B-8AD90C2B51B2}"
EndProject
Project("{FAE04EC0-301F-11D3-BF4B-00C04F79EFBC}") = "R3MUS.Devpack.OWIN.Eve", "R3MUS.Devpack.OWIN.Eve\R3MUS.Devpack.OWIN.Eve.csproj", "{1FA7D9C2-11FE-4F92-A8F4-849EA5D9F727}"
EndProject
Global
	GlobalSection(SolutionConfigurationPlatforms) = preSolution
		Debug|Any CPU = Debug|Any CPU
		Release|Any CPU = Release|Any CPU
	EndGlobalSection
	GlobalSection(ProjectConfigurationPlatforms) = postSolution
		{3ADA9748-3780-4F85-9500-A9B846D5291F}.Debug|Any CPU.ActiveCfg = Debug|Any CPU
		{3ADA9748-3780-4F85-9500-A9B846D5291F}.Debug|Any CPU.Build.0 = Debug|Any CPU
		{3ADA9748-3780-4F85-9500-A9B846D5291F}.Release|Any CPU.ActiveCfg = Release|Any CPU
		{3ADA9748-3780-4F85-9500-A9B846D5291F}.Release|Any CPU.Build.0 = Release|Any CPU
		{63A8D2FE-3764-4BEC-8D6B-8AD90C2B51B2}.Debug|Any CPU.ActiveCfg = Debug|Any CPU
		{63A8D2FE-3764-4BEC-8D6B-8AD90C2B51B2}.Debug|Any CPU.Build.0 = Debug|Any CPU
		{63A8D2FE-3764-4BEC-8D6B-8AD90C2B51B2}.Release|Any CPU.ActiveCfg = Release|Any CPU
		{63A8D2FE-3764-4BEC-8D6B-8AD90C2B51B2}.Release|Any CPU.Build.0 = Release|Any CPU
		{1FA7D9C2-11FE-4F92-A8F4-849EA5D9F727}.Debug|Any CPU.ActiveCfg = Debug|Any CPU
		{1FA7D9C2-11FE-4F92-A8F4-849EA5D9F727}.Debug|Any CPU.Build.0 = Debug|Any CPU
		{1FA7D9C2-11FE-4F92-A8F4-849EA5D9F727}.Release|Any CPU.ActiveCfg = Release|Any CPU
		{1FA7D9C2-11FE-4F92-A8F4-849EA5D9F727}.Release|Any CPU.Build.0 = Release|Any CPU
	EndGlobalSection
	GlobalSection(SolutionProperties) = preSolution
		HideSolutionNode = FALSE
	EndGlobalSection
EndGlobal
